
Microsoft Visual Studio Solution File, Format Version 12.00
# Visual Studio Version 16
VisualStudioVersion = 16.0.29519.181
MinimumVisualStudioVersion = 10.0.40219.1
Project("{FAE04EC0-301F-11D3-BF4B-00C04F79EFBC}") = "CoreWebAppExemploUpload", "CoreWebAppExemploUpload\CoreWebAppExemploUpload.csproj", "{38B160C4-A87D-404A-94F8-A618F4DECAE8}"
EndProject
Global
	GlobalSection(SolutionConfigurationPlatforms) = preSolution
		Debug|Any CPU = Debug|Any CPU
		Release|Any CPU = Release|Any CPU
	EndGlobalSection
	GlobalSection(ProjectConfigurationPlatforms) = postSolution
		{38B160C4-A87D-404A-94F8-A618F4DECAE8}.Debug|Any CPU.ActiveCfg = Debug|Any CPU
		{38B160C4-A87D-404A-94F8-A618F4DECAE8}.Debug|Any CPU.Build.0 = Debug|Any CPU
		{38B160C4-A87D-404A-94F8-A618F4DECAE8}.Release|Any CPU.ActiveCfg = Release|Any CPU
		{38B160C4-A87D-404A-94F8-A618F4DECAE8}.Release|Any CPU.Build.0 = Release|Any CPU
	EndGlobalSection
	GlobalSection(SolutionProperties) = preSolution
		HideSolutionNode = FALSE
	EndGlobalSection
	GlobalSection(ExtensibilityGlobals) = postSolution
		SolutionGuid = {E90E0FA8-02AE-4E45-B151-11DFEAD32C93}
	EndGlobalSection
EndGlobal
